
Microsoft Visual Studio Solution File, Format Version 12.00
# Visual Studio 15
VisualStudioVersion = 15.0.27703.2042
MinimumVisualStudioVersion = 10.0.40219.1
Project("{FAE04EC0-301F-11D3-BF4B-00C04F79EFBC}") = "DataCreator", "DataCreator.csproj", "{427917C6-6F76-49C5-A2B9-154BCC58810A}"
EndProject
Global
	GlobalSection(SolutionConfigurationPlatforms) = preSolution
		Debug|Any CPU = Debug|Any CPU
		Release|Any CPU = Release|Any CPU
	EndGlobalSection
	GlobalSection(ProjectConfigurationPlatforms) = postSolution
		{427917C6-6F76-49C5-A2B9-154BCC58810A}.Debug|Any CPU.ActiveCfg = Debug|Any CPU
		{427917C6-6F76-49C5-A2B9-154BCC58810A}.Debug|Any CPU.Build.0 = Debug|Any CPU
		{427917C6-6F76-49C5-A2B9-154BCC58810A}.Release|Any CPU.ActiveCfg = Release|Any CPU
		{427917C6-6F76-49C5-A2B9-154BCC58810A}.Release|Any CPU.Build.0 = Release|Any CPU
	EndGlobalSection
	GlobalSection(SolutionProperties) = preSolution
		HideSolutionNode = FALSE
	EndGlobalSection
	GlobalSection(ExtensibilityGlobals) = postSolution
		SolutionGuid = {0612431C-46A0-4130-9257-67F99650833E}
	EndGlobalSection
EndGlobal
